// !$*UTF8*$!
{
	archiveVersion = 1;
	classes = {
	};
	objectVersion = 56;
	objects = {

/* Begin PBXBuildFile section */
		3EC179C62A1E1B13007F5359 /* TimerView.swift in Sources */ = {isa = PBXBuildFile; fileRef = 3EC179C52A1E1B13007F5359 /* TimerView.swift */; };
		3EC179C82A1E1D29007F5359 /* User.swift in Sources */ = {isa = PBXBuildFile; fileRef = 3EC179C72A1E1D29007F5359 /* User.swift */; };
		3EC179CD2A1E26E8007F5359 /* ButtonView.swift in Sources */ = {isa = PBXBuildFile; fileRef = 3EC179CC2A1E26E8007F5359 /* ButtonView.swift */; };
		3EC179CF2A1E2ABB007F5359 /* ButtonAppearanceModifier.swift in Sources */ = {isa = PBXBuildFile; fileRef = 3EC179CE2A1E2ABB007F5359 /* ButtonAppearanceModifier.swift */; };
		3EC5C531296EE20000C0E045 /* SwiftUILoginAppApp.swift in Sources */ = {isa = PBXBuildFile; fileRef = 3EC5C530296EE20000C0E045 /* SwiftUILoginAppApp.swift */; };
		3EC5C535296EE20200C0E045 /* Assets.xcassets in Resources */ = {isa = PBXBuildFile; fileRef = 3EC5C534296EE20200C0E045 /* Assets.xcassets */; };
		3EC5C538296EE20200C0E045 /* Preview Assets.xcassets in Resources */ = {isa = PBXBuildFile; fileRef = 3EC5C537296EE20200C0E045 /* Preview Assets.xcassets */; };
		3EC5C53F296EE89600C0E045 /* UserManager.swift in Sources */ = {isa = PBXBuildFile; fileRef = 3EC5C53E296EE89600C0E045 /* UserManager.swift */; };
		3EC5C541296F04CC00C0E045 /* StarterView.swift in Sources */ = {isa = PBXBuildFile; fileRef = 3EC5C540296F04CC00C0E045 /* StarterView.swift */; };
		3EC5C543296F04F000C0E045 /* RegisterView.swift in Sources */ = {isa = PBXBuildFile; fileRef = 3EC5C542296F04F000C0E045 /* RegisterView.swift */; };
		3EC5C545296F052000C0E045 /* TimeCounter.swift in Sources */ = {isa = PBXBuildFile; fileRef = 3EC5C544296F052000C0E045 /* TimeCounter.swift */; };
		3ED9254729AE151900FA2E12 /* DataManager.swift in Sources */ = {isa = PBXBuildFile; fileRef = 3ED9254629AE151900FA2E12 /* DataManager.swift */; };
/* End PBXBuildFile section */

/* Begin PBXFileReference section */
		3EC179C52A1E1B13007F5359 /* TimerView.swift */ = {isa = PBXFileReference; lastKnownFileType = sourcecode.swift; path = TimerView.swift; sourceTree = "<group>"; };
		3EC179C72A1E1D29007F5359 /* User.swift */ = {isa = PBXFileReference; lastKnownFileType = sourcecode.swift; path = User.swift; sourceTree = "<group>"; };
		3EC179CC2A1E26E8007F5359 /* ButtonView.swift */ = {isa = PBXFileReference; lastKnownFileType = sourcecode.swift; path = ButtonView.swift; sourceTree = "<group>"; };
		3EC179CE2A1E2ABB007F5359 /* ButtonAppearanceModifier.swift */ = {isa = PBXFileReference; lastKnownFileType = sourcecode.swift; path = ButtonAppearanceModifier.swift; sourceTree = "<group>"; };
		3EC5C52D296EE20000C0E045 /* SwiftUILoginApp.app */ = {isa = PBXFileReference; explicitFileType = wrapper.application; includeInIndex = 0; path = SwiftUILoginApp.app; sourceTree = BUILT_PRODUCTS_DIR; };
		3EC5C530296EE20000C0E045 /* SwiftUILoginAppApp.swift */ = {isa = PBXFileReference; lastKnownFileType = sourcecode.swift; path = SwiftUILoginAppApp.swift; sourceTree = "<group>"; };
		3EC5C534296EE20200C0E045 /* Assets.xcassets */ = {isa = PBXFileReference; lastKnownFileType = folder.assetcatalog; path = Assets.xcassets; sourceTree = "<group>"; };
		3EC5C537296EE20200C0E045 /* Preview Assets.xcassets */ = {isa = PBXFileReference; lastKnownFileType = folder.assetcatalog; path = "Preview Assets.xcassets"; sourceTree = "<group>"; };
		3EC5C53E296EE89600C0E045 /* UserManager.swift */ = {isa = PBXFileReference; lastKnownFileType = sourcecode.swift; path = UserManager.swift; sourceTree = "<group>"; };
		3EC5C540296F04CC00C0E045 /* StarterView.swift */ = {isa = PBXFileReference; lastKnownFileType = sourcecode.swift; path = StarterView.swift; sourceTree = "<group>"; };
		3EC5C542296F04F000C0E045 /* RegisterView.swift */ = {isa = PBXFileReference; lastKnownFileType = sourcecode.swift; path = RegisterView.swift; sourceTree = "<group>"; };
		3EC5C544296F052000C0E045 /* TimeCounter.swift */ = {isa = PBXFileReference; lastKnownFileType = sourcecode.swift; path = TimeCounter.swift; sourceTree = "<group>"; };
		3ED9254629AE151900FA2E12 /* DataManager.swift */ = {isa = PBXFileReference; lastKnownFileType = sourcecode.swift; path = DataManager.swift; sourceTree = "<group>"; };
/* End PBXFileReference section */

/* Begin PBXFrameworksBuildPhase section */
		3EC5C52A296EE20000C0E045 /* Frameworks */ = {
			isa = PBXFrameworksBuildPhase;
			buildActionMask = 2147483647;
			files = (
			);
			runOnlyForDeploymentPostprocessing = 0;
		};
/* End PBXFrameworksBuildPhase section */

/* Begin PBXGroup section */
		3EC179CA2A1E1D3C007F5359 /* Models */ = {
			isa = PBXGroup;
			children = (
				3EC179C72A1E1D29007F5359 /* User.swift */,
			);
			path = Models;
			sourceTree = "<group>";
		};
		3EC179CB2A1E1E0C007F5359 /* Views */ = {
			isa = PBXGroup;
			children = (
				3EC5C540296F04CC00C0E045 /* StarterView.swift */,
				3EC5C542296F04F000C0E045 /* RegisterView.swift */,
				3EC179C52A1E1B13007F5359 /* TimerView.swift */,
				3EC179CC2A1E26E8007F5359 /* ButtonView.swift */,
			);
			path = Views;
			sourceTree = "<group>";
		};
		3EC179D02A1E2AC5007F5359 /* Modifiers */ = {
			isa = PBXGroup;
			children = (
				3EC179CE2A1E2ABB007F5359 /* ButtonAppearanceModifier.swift */,
			);
			path = Modifiers;
			sourceTree = "<group>";
		};
		3EC5C524296EE20000C0E045 = {
			isa = PBXGroup;
			children = (
				3EC5C52F296EE20000C0E045 /* SwiftUILoginApp */,
				3EC5C52E296EE20000C0E045 /* Products */,
			);
			sourceTree = "<group>";
		};
		3EC5C52E296EE20000C0E045 /* Products */ = {
			isa = PBXGroup;
			children = (
				3EC5C52D296EE20000C0E045 /* SwiftUILoginApp.app */,
			);
			name = Products;
			sourceTree = "<group>";
		};
		3EC5C52F296EE20000C0E045 /* SwiftUILoginApp */ = {
			isa = PBXGroup;
			children = (
				3EC5C530296EE20000C0E045 /* SwiftUILoginAppApp.swift */,
				3EC179CA2A1E1D3C007F5359 /* Models */,
				3ED9254A29AE1F5C00FA2E12 /* Managers */,
				3EC5C534296EE20200C0E045 /* Assets.xcassets */,
				3EC5C536296EE20200C0E045 /* Preview Content */,
				3EC179CB2A1E1E0C007F5359 /* Views */,
				3EC179D02A1E2AC5007F5359 /* Modifiers */,
				3EC5C544296F052000C0E045 /* TimeCounter.swift */,
			);
			path = SwiftUILoginApp;
			sourceTree = "<group>";
		};
		3EC5C536296EE20200C0E045 /* Preview Content */ = {
			isa = PBXGroup;
			children = (
				3EC5C537296EE20200C0E045 /* Preview Assets.xcassets */,
			);
			path = "Preview Content";
			sourceTree = "<group>";
		};
		3ED9254A29AE1F5C00FA2E12 /* Managers */ = {
			isa = PBXGroup;
			children = (
				3EC5C53E296EE89600C0E045 /* UserManager.swift */,
				3ED9254629AE151900FA2E12 /* DataManager.swift */,
			);
			path = Managers;
			sourceTree = "<group>";
		};
/* End PBXGroup section */

/* Begin PBXNativeTarget section */
		3EC5C52C296EE20000C0E045 /* SwiftUILoginApp */ = {
			isa = PBXNativeTarget;
			buildConfigurationList = 3EC5C53B296EE20200C0E045 /* Build configuration list for PBXNativeTarget "SwiftUILoginApp" */;
			buildPhases = (
				3EC5C529296EE20000C0E045 /* Sources */,
				3EC5C52A296EE20000C0E045 /* Frameworks */,
				3EC5C52B296EE20000C0E045 /* Resources */,
			);
			buildRules = (
			);
			dependencies = (
			);
			name = SwiftUILoginApp;
			productName = SwiftUILoginApp;
			productReference = 3EC5C52D296EE20000C0E045 /* SwiftUILoginApp.app */;
			productType = "com.apple.product-type.application";
		};
/* End PBXNativeTarget section */

/* Begin PBXProject section */
		3EC5C525296EE20000C0E045 /* Project object */ = {
			isa = PBXProject;
			attributes = {
				BuildIndependentTargetsInParallel = 1;
				LastSwiftUpdateCheck = 1400;
				LastUpgradeCheck = 1400;
				TargetAttributes = {
					3EC5C52C296EE20000C0E045 = {
						CreatedOnToolsVersion = 14.0.1;
					};
				};
			};
			buildConfigurationList = 3EC5C528296EE20000C0E045 /* Build configuration list for PBXProject "SwiftUILoginApp" */;
			compatibilityVersion = "Xcode 14.0";
			developmentRegion = en;
			hasScannedForEncodings = 0;
			knownRegions = (
				en,
				Base,
			);
			mainGroup = 3EC5C524296EE20000C0E045;
			productRefGroup = 3EC5C52E296EE20000C0E045 /* Products */;
			projectDirPath = "";
			projectRoot = "";
			targets = (
				3EC5C52C296EE20000C0E045 /* SwiftUILoginApp */,
			);
		};
/* End PBXProject section */

/* Begin PBXResourcesBuildPhase section */
		3EC5C52B296EE20000C0E045 /* Resources */ = {
			isa = PBXResourcesBuildPhase;
			buildActionMask = 2147483647;
			files = (
				3EC5C538296EE20200C0E045 /* Preview Assets.xcassets in Resources */,
				3EC5C535296EE20200C0E045 /* Assets.xcassets in Resources */,
			);
			runOnlyForDeploymentPostprocessing = 0;
		};
/* End PBXResourcesBuildPhase section */

/* Begin PBXSourcesBuildPhase section */
		3EC5C529296EE20000C0E045 /* Sources */ = {
			isa = PBXSourcesBuildPhase;
			buildActionMask = 2147483647;
			files = (
				3EC5C541296F04CC00C0E045 /* StarterView.swift in Sources */,
				3EC5C543296F04F000C0E045 /* RegisterView.swift in Sources */,
				3EC179CD2A1E26E8007F5359 /* ButtonView.swift in Sources */,
				3EC179CF2A1E2ABB007F5359 /* ButtonAppearanceModifier.swift in Sources */,
				3EC5C53F296EE89600C0E045 /* UserManager.swift in Sources */,
				3ED9254729AE151900FA2E12 /* DataManager.swift in Sources */,
				3EC5C545296F052000C0E045 /* TimeCounter.swift in Sources */,
				3EC179C82A1E1D29007F5359 /* User.swift in Sources */,
				3EC179C62A1E1B13007F5359 /* TimerView.swift in Sources */,
				3EC5C531296EE20000C0E045 /* SwiftUILoginAppApp.swift in Sources */,
			);
			runOnlyForDeploymentPostprocessing = 0;
		};
/* End PBXSourcesBuildPhase section */

/* Begin XCBuildConfiguration section */
		3EC5C539296EE20200C0E045 /* Debug */ = {
			isa = XCBuildConfiguration;
			buildSettings = {
				ALWAYS_SEARCH_USER_PATHS = NO;
				CLANG_ANALYZER_NONNULL = YES;
				CLANG_ANALYZER_NUMBER_OBJECT_CONVERSION = YES_AGGRESSIVE;
				CLANG_CXX_LANGUAGE_STANDARD = "gnu++20";
				CLANG_ENABLE_MODULES = YES;
				CLANG_ENABLE_OBJC_ARC = YES;
				CLANG_ENABLE_OBJC_WEAK = YES;
				CLANG_WARN_BLOCK_CAPTURE_AUTORELEASING = YES;
				CLANG_WARN_BOOL_CONVERSION = YES;
				CLANG_WARN_COMMA = YES;
				CLANG_WARN_CONSTANT_CONVERSION = YES;
				CLANG_WARN_DEPRECATED_OBJC_IMPLEMENTATIONS = YES;
				CLANG_WARN_DIRECT_OBJC_ISA_USAGE = YES_ERROR;
				CLANG_WARN_DOCUMENTATION_COMMENTS = YES;
				CLANG_WARN_EMPTY_BODY = YES;
				CLANG_WARN_ENUM_CONVERSION = YES;
				CLANG_WARN_INFINITE_RECURSION = YES;
				CLANG_WARN_INT_CONVERSION = YES;
				CLANG_WARN_NON_LITERAL_NULL_CONVERSION = YES;
				CLANG_WARN_OBJC_IMPLICIT_RETAIN_SELF = YES;
				CLANG_WARN_OBJC_LITERAL_CONVERSION = YES;
				CLANG_WARN_OBJC_ROOT_CLASS = YES_ERROR;
				CLANG_WARN_QUOTED_INCLUDE_IN_FRAMEWORK_HEADER = YES;
				CLANG_WARN_RANGE_LOOP_ANALYSIS = YES;
				CLANG_WARN_STRICT_PROTOTYPES = YES;
				CLANG_WARN_SUSPICIOUS_MOVE = YES;
				CLANG_WARN_UNGUARDED_AVAILABILITY = YES_AGGRESSIVE;
				CLANG_WARN_UNREACHABLE_CODE = YES;
				CLANG_WARN__DUPLICATE_METHOD_MATCH = YES;
				COPY_PHASE_STRIP = NO;
				DEBUG_INFORMATION_FORMAT = dwarf;
				ENABLE_STRICT_OBJC_MSGSEND = YES;
				ENABLE_TESTABILITY = YES;
				GCC_C_LANGUAGE_STANDARD = gnu11;
				GCC_DYNAMIC_NO_PIC = NO;
				GCC_NO_COMMON_BLOCKS = YES;
				GCC_OPTIMIZATION_LEVEL = 0;
				GCC_PREPROCESSOR_DEFINITIONS = (
					"DEBUG=1",
					"$(inherited)",
				);
				GCC_WARN_64_TO_32_BIT_CONVERSION = YES;
				GCC_WARN_ABOUT_RETURN_TYPE = YES_ERROR;
				GCC_WARN_UNDECLARED_SELECTOR = YES;
				GCC_WARN_UNINITIALIZED_AUTOS = YES_AGGRESSIVE;
				GCC_WARN_UNUSED_FUNCTION = YES;
				GCC_WARN_UNUSED_VARIABLE = YES;
				IPHONEOS_DEPLOYMENT_TARGET = 16.0;
				MTL_ENABLE_DEBUG_INFO = INCLUDE_SOURCE;
				MTL_FAST_MATH = YES;
				ONLY_ACTIVE_ARCH = YES;
				SDKROOT = iphoneos;
				SWIFT_ACTIVE_COMPILATION_CONDITIONS = DEBUG;
				SWIFT_OPTIMIZATION_LEVEL = "-Onone";
			};
			name = Debug;
		};
		3EC5C53A296EE20200C0E045 /* Release */ = {
			isa = XCBuildConfiguration;
			buildSettings = {
				ALWAYS_SEARCH_USER_PATHS = NO;
				CLANG_ANALYZER_NONNULL = YES;
				CLANG_ANALYZER_NUMBER_OBJECT_CONVERSION = YES_AGGRESSIVE;
				CLANG_CXX_LANGUAGE_STANDARD = "gnu++20";
				CLANG_ENABLE_MODULES = YES;
				CLANG_ENABLE_OBJC_ARC = YES;
				CLANG_ENABLE_OBJC_WEAK = YES;
				CLANG_WARN_BLOCK_CAPTURE_AUTORELEASING = YES;
				CLANG_WARN_BOOL_CONVERSION = YES;
				CLANG_WARN_COMMA = YES;
				CLANG_WARN_CONSTANT_CONVERSION = YES;
				CLANG_WARN_DEPRECATED_OBJC_IMPLEMENTATIONS = YES;
				CLANG_WARN_DIRECT_OBJC_ISA_USAGE = YES_ERROR;
				CLANG_WARN_DOCUMENTATION_COMMENTS = YES;
				CLANG_WARN_EMPTY_BODY = YES;
				CLANG_WARN_ENUM_CONVERSION = YES;
				CLANG_WARN_INFINITE_RECURSION = YES;
				CLANG_WARN_INT_CONVERSION = YES;
				CLANG_WARN_NON_LITERAL_NULL_CONVERSION = YES;
				CLANG_WARN_OBJC_IMPLICIT_RETAIN_SELF = YES;
				CLANG_WARN_OBJC_LITERAL_CONVERSION = YES;
				CLANG_WARN_OBJC_ROOT_CLASS = YES_ERROR;
				CLANG_WARN_QUOTED_INCLUDE_IN_FRAMEWORK_HEADER = YES;
				CLANG_WARN_RANGE_LOOP_ANALYSIS = YES;
				CLANG_WARN_STRICT_PROTOTYPES = YES;
				CLANG_WARN_SUSPICIOUS_MOVE = YES;
				CLANG_WARN_UNGUARDED_AVAILABILITY = YES_AGGRESSIVE;
				CLANG_WARN_UNREACHABLE_CODE = YES;
				CLANG_WARN__DUPLICATE_METHOD_MATCH = YES;
				COPY_PHASE_STRIP = NO;
				DEBUG_INFORMATION_FORMAT = "dwarf-with-dsym";
				ENABLE_NS_ASSERTIONS = NO;
				ENABLE_STRICT_OBJC_MSGSEND = YES;
				GCC_C_LANGUAGE_STANDARD = gnu11;
				GCC_NO_COMMON_BLOCKS = YES;
				GCC_WARN_64_TO_32_BIT_CONVERSION = YES;
				GCC_WARN_ABOUT_RETURN_TYPE = YES_ERROR;
				GCC_WARN_UNDECLARED_SELECTOR = YES;
				GCC_WARN_UNINITIALIZED_AUTOS = YES_AGGRESSIVE;
				GCC_WARN_UNUSED_FUNCTION = YES;
				GCC_WARN_UNUSED_VARIABLE = YES;
				IPHONEOS_DEPLOYMENT_TARGET = 16.0;
				MTL_ENABLE_DEBUG_INFO = NO;
				MTL_FAST_MATH = YES;
				SDKROOT = iphoneos;
				SWIFT_COMPILATION_MODE = wholemodule;
				SWIFT_OPTIMIZATION_LEVEL = "-O";
				VALIDATE_PRODUCT = YES;
			};
			name = Release;
		};
		3EC5C53C296EE20200C0E045 /* Debug */ = {
			isa = XCBuildConfiguration;
			buildSettings = {
				ASSETCATALOG_COMPILER_APPICON_NAME = AppIcon;
				ASSETCATALOG_COMPILER_GLOBAL_ACCENT_COLOR_NAME = AccentColor;
				CODE_SIGN_STYLE = Automatic;
				CURRENT_PROJECT_VERSION = 1;
				DEVELOPMENT_ASSET_PATHS = "\"SwiftUILoginApp/Preview Content\"";
				DEVELOPMENT_TEAM = YQHRAS38BD;
				ENABLE_PREVIEWS = YES;
				GENERATE_INFOPLIST_FILE = YES;
				INFOPLIST_KEY_UIApplicationSceneManifest_Generation = YES;
				INFOPLIST_KEY_UIApplicationSupportsIndirectInputEvents = YES;
				INFOPLIST_KEY_UILaunchScreen_Generation = YES;
				INFOPLIST_KEY_UISupportedInterfaceOrientations_iPad = "UIInterfaceOrientationPortrait UIInterfaceOrientationPortraitUpsideDown UIInterfaceOrientationLandscapeLeft UIInterfaceOrientationLandscapeRight";
				INFOPLIST_KEY_UISupportedInterfaceOrientations_iPhone = "UIInterfaceOrientationPortrait UIInterfaceOrientationLandscapeLeft UIInterfaceOrientationLandscapeRight";
				LD_RUNPATH_SEARCH_PATHS = (
					"$(inherited)",
					"@executable_path/Frameworks",
				);
				MARKETING_VERSION = 1.0;
				PRODUCT_BUNDLE_IDENTIFIER = "ru.av-studio.SwiftUILoginApp";
				PRODUCT_NAME = "$(TARGET_NAME)";
				SWIFT_EMIT_LOC_STRINGS = YES;
				SWIFT_VERSION = 5.0;
				TARGETED_DEVICE_FAMILY = "1,2";
			};
			name = Debug;
		};
		3EC5C53D296EE20200C0E045 /* Release */ = {
			isa = XCBuildConfiguration;
			buildSettings = {
				ASSETCATALOG_COMPILER_APPICON_NAME = AppIcon;
				ASSETCATALOG_COMPILER_GLOBAL_ACCENT_COLOR_NAME = AccentColor;
				CODE_SIGN_STYLE = Automatic;
				CURRENT_PROJECT_VERSION = 1;
				DEVELOPMENT_ASSET_PATHS = "\"SwiftUILoginApp/Preview Content\"";
				DEVELOPMENT_TEAM = YQHRAS38BD;
				ENABLE_PREVIEWS = YES;
				GENERATE_INFOPLIST_FILE = YES;
				INFOPLIST_KEY_UIApplicationSceneManifest_Generation = YES;
				INFOPLIST_KEY_UIApplicationSupportsIndirectInputEvents = YES;
				INFOPLIST_KEY_UILaunchScreen_Generation = YES;
				INFOPLIST_KEY_UISupportedInterfaceOrientations_iPad = "UIInterfaceOrientationPortrait UIInterfaceOrientationPortraitUpsideDown UIInterfaceOrientationLandscapeLeft UIInterfaceOrientationLandscapeRight";
				INFOPLIST_KEY_UISupportedInterfaceOrientations_iPhone = "UIInterfaceOrientationPortrait UIInterfaceOrientationLandscapeLeft UIInterfaceOrientationLandscapeRight";
				LD_RUNPATH_SEARCH_PATHS = (
					"$(inherited)",
					"@executable_path/Frameworks",
				);
				MARKETING_VERSION = 1.0;
				PRODUCT_BUNDLE_IDENTIFIER = "ru.av-studio.SwiftUILoginApp";
				PRODUCT_NAME = "$(TARGET_NAME)";
				SWIFT_EMIT_LOC_STRINGS = YES;
				SWIFT_VERSION = 5.0;
				TARGETED_DEVICE_FAMILY = "1,2";
			};
			name = Release;
		};
/* End XCBuildConfiguration section */

/* Begin XCConfigurationList section */
		3EC5C528296EE20000C0E045 /* Build configuration list for PBXProject "SwiftUILoginApp" */ = {
			isa = XCConfigurationList;
			buildConfigurations = (
				3EC5C539296EE20200C0E045 /* Debug */,
				3EC5C53A296EE20200C0E045 /* Release */,
			);
			defaultConfigurationIsVisible = 0;
			defaultConfigurationName = Release;
		};
		3EC5C53B296EE20200C0E045 /* Build configuration list for PBXNativeTarget "SwiftUILoginApp" */ = {
			isa = XCConfigurationList;
			buildConfigurations = (
				3EC5C53C296EE20200C0E045 /* Debug */,
				3EC5C53D296EE20200C0E045 /* Release */,
			);
			defaultConfigurationIsVisible = 0;
			defaultConfigurationName = Release;
		};
/* End XCConfigurationList section */
	};
	rootObject = 3EC5C525296EE20000C0E045 /* Project object */;
}
